// !$*UTF8*$!
{
	archiveVersion = 1;
	classes = {
	};
	objectVersion = 56;
	objects = {

/* Begin PBXBuildFile section */
		BFBBCCC32B98EEEF00F82707 /* TheNeighborHoodApp.swift in Sources */ = {isa = PBXBuildFile; fileRef = BFBBCCC22B98EEEF00F82707 /* TheNeighborHoodApp.swift */; };
		BFBBCCC52B98EEEF00F82707 /* ContentView.swift in Sources */ = {isa = PBXBuildFile; fileRef = BFBBCCC42B98EEEF00F82707 /* ContentView.swift */; };
		BFBBCCC72B98EEF000F82707 /* Assets.xcassets in Resources */ = {isa = PBXBuildFile; fileRef = BFBBCCC62B98EEF000F82707 /* Assets.xcassets */; };
		BFBBCCCB2B98EEF000F82707 /* Preview Assets.xcassets in Resources */ = {isa = PBXBuildFile; fileRef = BFBBCCCA2B98EEF000F82707 /* Preview Assets.xcassets */; };
		BFBBCCD52B98EEF000F82707 /* TheNeighborHoodTests.swift in Sources */ = {isa = PBXBuildFile; fileRef = BFBBCCD42B98EEF000F82707 /* TheNeighborHoodTests.swift */; };
		BFBBCCDF2B98EEF000F82707 /* TheNeighborHoodUITests.swift in Sources */ = {isa = PBXBuildFile; fileRef = BFBBCCDE2B98EEF000F82707 /* TheNeighborHoodUITests.swift */; };
		BFBBCCE12B98EEF000F82707 /* TheNeighborHoodUITestsLaunchTests.swift in Sources */ = {isa = PBXBuildFile; fileRef = BFBBCCE02B98EEF000F82707 /* TheNeighborHoodUITestsLaunchTests.swift */; };
/* End PBXBuildFile section */

/* Begin PBXContainerItemProxy section */
		BFBBCCD12B98EEF000F82707 /* PBXContainerItemProxy */ = {
			isa = PBXContainerItemProxy;
			containerPortal = BFBBCCB72B98EEEF00F82707 /* Project object */;
			proxyType = 1;
			remoteGlobalIDString = BFBBCCBE2B98EEEF00F82707;
			remoteInfo = TheNeighborHood;
		};
		BFBBCCDB2B98EEF000F82707 /* PBXContainerItemProxy */ = {
			isa = PBXContainerItemProxy;
			containerPortal = BFBBCCB72B98EEEF00F82707 /* Project object */;
			proxyType = 1;
			remoteGlobalIDString = BFBBCCBE2B98EEEF00F82707;
			remoteInfo = TheNeighborHood;
		};
/* End PBXContainerItemProxy section */

/* Begin PBXFileReference section */
		BFBBCCBF2B98EEEF00F82707 /* TheNeighborHood.app */ = {isa = PBXFileReference; explicitFileType = wrapper.application; includeInIndex = 0; path = TheNeighborHood.app; sourceTree = BUILT_PRODUCTS_DIR; };
		BFBBCCC22B98EEEF00F82707 /* TheNeighborHoodApp.swift */ = {isa = PBXFileReference; lastKnownFileType = sourcecode.swift; path = TheNeighborHoodApp.swift; sourceTree = "<group>"; };
		BFBBCCC42B98EEEF00F82707 /* ContentView.swift */ = {isa = PBXFileReference; lastKnownFileType = sourcecode.swift; path = ContentView.swift; sourceTree = "<group>"; };
		BFBBCCC62B98EEF000F82707 /* Assets.xcassets */ = {isa = PBXFileReference; lastKnownFileType = folder.assetcatalog; path = Assets.xcassets; sourceTree = "<group>"; };
		BFBBCCC82B98EEF000F82707 /* TheNeighborHood.entitlements */ = {isa = PBXFileReference; lastKnownFileType = text.plist.entitlements; path = TheNeighborHood.entitlements; sourceTree = "<group>"; };
		BFBBCCCA2B98EEF000F82707 /* Preview Assets.xcassets */ = {isa = PBXFileReference; lastKnownFileType = folder.assetcatalog; path = "Preview Assets.xcassets"; sourceTree = "<group>"; };
		BFBBCCD02B98EEF000F82707 /* TheNeighborHoodTests.xctest */ = {isa = PBXFileReference; explicitFileType = wrapper.cfbundle; includeInIndex = 0; path = TheNeighborHoodTests.xctest; sourceTree = BUILT_PRODUCTS_DIR; };
		BFBBCCD42B98EEF000F82707 /* TheNeighborHoodTests.swift */ = {isa = PBXFileReference; lastKnownFileType = sourcecode.swift; path = TheNeighborHoodTests.swift; sourceTree = "<group>"; };
		BFBBCCDA2B98EEF000F82707 /* TheNeighborHoodUITests.xctest */ = {isa = PBXFileReference; explicitFileType = wrapper.cfbundle; includeInIndex = 0; path = TheNeighborHoodUITests.xctest; sourceTree = BUILT_PRODUCTS_DIR; };
		BFBBCCDE2B98EEF000F82707 /* TheNeighborHoodUITests.swift */ = {isa = PBXFileReference; lastKnownFileType = sourcecode.swift; path = TheNeighborHoodUITests.swift; sourceTree = "<group>"; };
		BFBBCCE02B98EEF000F82707 /* TheNeighborHoodUITestsLaunchTests.swift */ = {isa = PBXFileReference; lastKnownFileType = sourcecode.swift; path = TheNeighborHoodUITestsLaunchTests.swift; sourceTree = "<group>"; };
/* End PBXFileReference section */

/* Begin PBXFrameworksBuildPhase section */
		BFBBCCBC2B98EEEF00F82707 /* Frameworks */ = {
			isa = PBXFrameworksBuildPhase;
			buildActionMask = 2147483647;
			files = (
			);
			runOnlyForDeploymentPostprocessing = 0;
		};
		BFBBCCCD2B98EEF000F82707 /* Frameworks */ = {
			isa = PBXFrameworksBuildPhase;
			buildActionMask = 2147483647;
			files = (
			);
			runOnlyForDeploymentPostprocessing = 0;
		};
		BFBBCCD72B98EEF000F82707 /* Frameworks */ = {
			isa = PBXFrameworksBuildPhase;
			buildActionMask = 2147483647;
			files = (
			);
			runOnlyForDeploymentPostprocessing = 0;
		};
/* End PBXFrameworksBuildPhase section */

/* Begin PBXGroup section */
		BFBBCCB62B98EEEE00F82707 = {
			isa = PBXGroup;
			children = (
				BFBBCCC12B98EEEF00F82707 /* TheNeighborHood */,
				BFBBCCD32B98EEF000F82707 /* TheNeighborHoodTests */,
				BFBBCCDD2B98EEF000F82707 /* TheNeighborHoodUITests */,
				BFBBCCC02B98EEEF00F82707 /* Products */,
			);
			sourceTree = "<group>";
		};
		BFBBCCC02B98EEEF00F82707 /* Products */ = {
			isa = PBXGroup;
			children = (
				BFBBCCBF2B98EEEF00F82707 /* TheNeighborHood.app */,
				BFBBCCD02B98EEF000F82707 /* TheNeighborHoodTests.xctest */,
				BFBBCCDA2B98EEF000F82707 /* TheNeighborHoodUITests.xctest */,
			);
			name = Products;
			sourceTree = "<group>";
		};
		BFBBCCC12B98EEEF00F82707 /* TheNeighborHood */ = {
			isa = PBXGroup;
			children = (
				BFBBCCC22B98EEEF00F82707 /* TheNeighborHoodApp.swift */,
				BFBBCCC42B98EEEF00F82707 /* ContentView.swift */,
				BFBBCCC62B98EEF000F82707 /* Assets.xcassets */,
				BFBBCCC82B98EEF000F82707 /* TheNeighborHood.entitlements */,
				BFBBCCC92B98EEF000F82707 /* Preview Content */,
			);
			path = TheNeighborHood;
			sourceTree = "<group>";
		};
		BFBBCCC92B98EEF000F82707 /* Preview Content */ = {
			isa = PBXGroup;
			children = (
				BFBBCCCA2B98EEF000F82707 /* Preview Assets.xcassets */,
			);
			path = "Preview Content";
			sourceTree = "<group>";
		};
		BFBBCCD32B98EEF000F82707 /* TheNeighborHoodTests */ = {
			isa = PBXGroup;
			children = (
				BFBBCCD42B98EEF000F82707 /* TheNeighborHoodTests.swift */,
			);
			path = TheNeighborHoodTests;
			sourceTree = "<group>";
		};
		BFBBCCDD2B98EEF000F82707 /* TheNeighborHoodUITests */ = {
			isa = PBXGroup;
			children = (
				BFBBCCDE2B98EEF000F82707 /* TheNeighborHoodUITests.swift */,
				BFBBCCE02B98EEF000F82707 /* TheNeighborHoodUITestsLaunchTests.swift */,
			);
			path = TheNeighborHoodUITests;
			sourceTree = "<group>";
		};
/* End PBXGroup section */

/* Begin PBXNativeTarget section */
		BFBBCCBE2B98EEEF00F82707 /* TheNeighborHood */ = {
			isa = PBXNativeTarget;
			buildConfigurationList = BFBBCCE42B98EEF000F82707 /* Build configuration list for PBXNativeTarget "TheNeighborHood" */;
			buildPhases = (
				BFBBCCBB2B98EEEF00F82707 /* Sources */,
				BFBBCCBC2B98EEEF00F82707 /* Frameworks */,
				BFBBCCBD2B98EEEF00F82707 /* Resources */,
			);
			buildRules = (
			);
			dependencies = (
			);
			name = TheNeighborHood;
			productName = TheNeighborHood;
			productReference = BFBBCCBF2B98EEEF00F82707 /* TheNeighborHood.app */;
			productType = "com.apple.product-type.application";
		};
		BFBBCCCF2B98EEF000F82707 /* TheNeighborHoodTests */ = {
			isa = PBXNativeTarget;
			buildConfigurationList = BFBBCCE72B98EEF000F82707 /* Build configuration list for PBXNativeTarget "TheNeighborHoodTests" */;
			buildPhases = (
				BFBBCCCC2B98EEF000F82707 /* Sources */,
				BFBBCCCD2B98EEF000F82707 /* Frameworks */,
				BFBBCCCE2B98EEF000F82707 /* Resources */,
			);
			buildRules = (
			);
			dependencies = (
				BFBBCCD22B98EEF000F82707 /* PBXTargetDependency */,
			);
			name = TheNeighborHoodTests;
			productName = TheNeighborHoodTests;
			productReference = BFBBCCD02B98EEF000F82707 /* TheNeighborHoodTests.xctest */;
			productType = "com.apple.product-type.bundle.unit-test";
		};
		BFBBCCD92B98EEF000F82707 /* TheNeighborHoodUITests */ = {
			isa = PBXNativeTarget;
			buildConfigurationList = BFBBCCEA2B98EEF000F82707 /* Build configuration list for PBXNativeTarget "TheNeighborHoodUITests" */;
			buildPhases = (
				BFBBCCD62B98EEF000F82707 /* Sources */,
				BFBBCCD72B98EEF000F82707 /* Frameworks */,
				BFBBCCD82B98EEF000F82707 /* Resources */,
			);
			buildRules = (
			);
			dependencies = (
				BFBBCCDC2B98EEF000F82707 /* PBXTargetDependency */,
			);
			name = TheNeighborHoodUITests;
			productName = TheNeighborHoodUITests;
			productReference = BFBBCCDA2B98EEF000F82707 /* TheNeighborHoodUITests.xctest */;
			productType = "com.apple.product-type.bundle.ui-testing";
		};
/* End PBXNativeTarget section */

/* Begin PBXProject section */
		BFBBCCB72B98EEEF00F82707 /* Project object */ = {
			isa = PBXProject;
			attributes = {
				BuildIndependentTargetsInParallel = 1;
				LastSwiftUpdateCheck = 1430;
				LastUpgradeCheck = 1430;
				TargetAttributes = {
					BFBBCCBE2B98EEEF00F82707 = {
						CreatedOnToolsVersion = 14.3.1;
					};
					BFBBCCCF2B98EEF000F82707 = {
						CreatedOnToolsVersion = 14.3.1;
						TestTargetID = BFBBCCBE2B98EEEF00F82707;
					};
					BFBBCCD92B98EEF000F82707 = {
						CreatedOnToolsVersion = 14.3.1;
						TestTargetID = BFBBCCBE2B98EEEF00F82707;
					};
				};
			};
			buildConfigurationList = BFBBCCBA2B98EEEF00F82707 /* Build configuration list for PBXProject "TheNeighborHood" */;
			compatibilityVersion = "Xcode 14.0";
			developmentRegion = en;
			hasScannedForEncodings = 0;
			knownRegions = (
				en,
				Base,
			);
			mainGroup = BFBBCCB62B98EEEE00F82707;
			productRefGroup = BFBBCCC02B98EEEF00F82707 /* Products */;
			projectDirPath = "";
			projectRoot = "";
			targets = (
				BFBBCCBE2B98EEEF00F82707 /* TheNeighborHood */,
				BFBBCCCF2B98EEF000F82707 /* TheNeighborHoodTests */,
				BFBBCCD92B98EEF000F82707 /* TheNeighborHoodUITests */,
			);
		};
/* End PBXProject section */

/* Begin PBXResourcesBuildPhase section */
		BFBBCCBD2B98EEEF00F82707 /* Resources */ = {
			isa = PBXResourcesBuildPhase;
			buildActionMask = 2147483647;
			files = (
				BFBBCCCB2B98EEF000F82707 /* Preview Assets.xcassets in Resources */,
				BFBBCCC72B98EEF000F82707 /* Assets.xcassets in Resources */,
			);
			runOnlyForDeploymentPostprocessing = 0;
		};
		BFBBCCCE2B98EEF000F82707 /* Resources */ = {
			isa = PBXResourcesBuildPhase;
			buildActionMask = 2147483647;
			files = (
			);
			runOnlyForDeploymentPostprocessing = 0;
		};
		BFBBCCD82B98EEF000F82707 /* Resources */ = {
			isa = PBXResourcesBuildPhase;
			buildActionMask = 2147483647;
			files = (
			);
			runOnlyForDeploymentPostprocessing = 0;
		};
/* End PBXResourcesBuildPhase section */

/* Begin PBXSourcesBuildPhase section */
		BFBBCCBB2B98EEEF00F82707 /* Sources */ = {
			isa = PBXSourcesBuildPhase;
			buildActionMask = 2147483647;
			files = (
				BFBBCCC52B98EEEF00F82707 /* ContentView.swift in Sources */,
				BFBBCCC32B98EEEF00F82707 /* TheNeighborHoodApp.swift in Sources */,
			);
			runOnlyForDeploymentPostprocessing = 0;
		};
		BFBBCCCC2B98EEF000F82707 /* Sources */ = {
			isa = PBXSourcesBuildPhase;
			buildActionMask = 2147483647;
			files = (
				BFBBCCD52B98EEF000F82707 /* TheNeighborHoodTests.swift in Sources */,
			);
			runOnlyForDeploymentPostprocessing = 0;
		};
		BFBBCCD62B98EEF000F82707 /* Sources */ = {
			isa = PBXSourcesBuildPhase;
			buildActionMask = 2147483647;
			files = (
				BFBBCCE12B98EEF000F82707 /* TheNeighborHoodUITestsLaunchTests.swift in Sources */,
				BFBBCCDF2B98EEF000F82707 /* TheNeighborHoodUITests.swift in Sources */,
			);
			runOnlyForDeploymentPostprocessing = 0;
		};
/* End PBXSourcesBuildPhase section */

/* Begin PBXTargetDependency section */
		BFBBCCD22B98EEF000F82707 /* PBXTargetDependency */ = {
			isa = PBXTargetDependency;
			target = BFBBCCBE2B98EEEF00F82707 /* TheNeighborHood */;
			targetProxy = BFBBCCD12B98EEF000F82707 /* PBXContainerItemProxy */;
		};
		BFBBCCDC2B98EEF000F82707 /* PBXTargetDependency */ = {
			isa = PBXTargetDependency;
			target = BFBBCCBE2B98EEEF00F82707 /* TheNeighborHood */;
			targetProxy = BFBBCCDB2B98EEF000F82707 /* PBXContainerItemProxy */;
		};
/* End PBXTargetDependency section */

/* Begin XCBuildConfiguration section */
		BFBBCCE22B98EEF000F82707 /* Debug */ = {
			isa = XCBuildConfiguration;
			buildSettings = {
				ALWAYS_SEARCH_USER_PATHS = NO;
				CLANG_ANALYZER_NONNULL = YES;
				CLANG_ANALYZER_NUMBER_OBJECT_CONVERSION = YES_AGGRESSIVE;
				CLANG_CXX_LANGUAGE_STANDARD = "gnu++20";
				CLANG_ENABLE_MODULES = YES;
				CLANG_ENABLE_OBJC_ARC = YES;
				CLANG_ENABLE_OBJC_WEAK = YES;
				CLANG_WARN_BLOCK_CAPTURE_AUTORELEASING = YES;
				CLANG_WARN_BOOL_CONVERSION = YES;
				CLANG_WARN_COMMA = YES;
				CLANG_WARN_CONSTANT_CONVERSION = YES;
				CLANG_WARN_DEPRECATED_OBJC_IMPLEMENTATIONS = YES;
				CLANG_WARN_DIRECT_OBJC_ISA_USAGE = YES_ERROR;
				CLANG_WARN_DOCUMENTATION_COMMENTS = YES;
				CLANG_WARN_EMPTY_BODY = YES;
				CLANG_WARN_ENUM_CONVERSION = YES;
				CLANG_WARN_INFINITE_RECURSION = YES;
				CLANG_WARN_INT_CONVERSION = YES;
				CLANG_WARN_NON_LITERAL_NULL_CONVERSION = YES;
				CLANG_WARN_OBJC_IMPLICIT_RETAIN_SELF = YES;
				CLANG_WARN_OBJC_LITERAL_CONVERSION = YES;
				CLANG_WARN_OBJC_ROOT_CLASS = YES_ERROR;
				CLANG_WARN_QUOTED_INCLUDE_IN_FRAMEWORK_HEADER = YES;
				CLANG_WARN_RANGE_LOOP_ANALYSIS = YES;
				CLANG_WARN_STRICT_PROTOTYPES = YES;
				CLANG_WARN_SUSPICIOUS_MOVE = YES;
				CLANG_WARN_UNGUARDED_AVAILABILITY = YES_AGGRESSIVE;
				CLANG_WARN_UNREACHABLE_CODE = YES;
				CLANG_WARN__DUPLICATE_METHOD_MATCH = YES;
				COPY_PHASE_STRIP = NO;
				DEBUG_INFORMATION_FORMAT = dwarf;
				ENABLE_STRICT_OBJC_MSGSEND = YES;
				ENABLE_TESTABILITY = YES;
				GCC_C_LANGUAGE_STANDARD = gnu11;
				GCC_DYNAMIC_NO_PIC = NO;
				GCC_NO_COMMON_BLOCKS = YES;
				GCC_OPTIMIZATION_LEVEL = 0;
				GCC_PREPROCESSOR_DEFINITIONS = (
					"DEBUG=1",
					"$(inherited)",
				);
				GCC_WARN_64_TO_32_BIT_CONVERSION = YES;
				GCC_WARN_ABOUT_RETURN_TYPE = YES_ERROR;
				GCC_WARN_UNDECLARED_SELECTOR = YES;
				GCC_WARN_UNINITIALIZED_AUTOS = YES_AGGRESSIVE;
				GCC_WARN_UNUSED_FUNCTION = YES;
				GCC_WARN_UNUSED_VARIABLE = YES;
				MTL_ENABLE_DEBUG_INFO = INCLUDE_SOURCE;
				MTL_FAST_MATH = YES;
				ONLY_ACTIVE_ARCH = YES;
				SWIFT_ACTIVE_COMPILATION_CONDITIONS = DEBUG;
				SWIFT_OPTIMIZATION_LEVEL = "-Onone";
			};
			name = Debug;
		};
		BFBBCCE32B98EEF000F82707 /* Release */ = {
			isa = XCBuildConfiguration;
			buildSettings = {
				ALWAYS_SEARCH_USER_PATHS = NO;
				CLANG_ANALYZER_NONNULL = YES;
				CLANG_ANALYZER_NUMBER_OBJECT_CONVERSION = YES_AGGRESSIVE;
				CLANG_CXX_LANGUAGE_STANDARD = "gnu++20";
				CLANG_ENABLE_MODULES = YES;
				CLANG_ENABLE_OBJC_ARC = YES;
				CLANG_ENABLE_OBJC_WEAK = YES;
				CLANG_WARN_BLOCK_CAPTURE_AUTORELEASING = YES;
				CLANG_WARN_BOOL_CONVERSION = YES;
				CLANG_WARN_COMMA = YES;
				CLANG_WARN_CONSTANT_CONVERSION = YES;
				CLANG_WARN_DEPRECATED_OBJC_IMPLEMENTATIONS = YES;
				CLANG_WARN_DIRECT_OBJC_ISA_USAGE = YES_ERROR;
				CLANG_WARN_DOCUMENTATION_COMMENTS = YES;
				CLANG_WARN_EMPTY_BODY = YES;
				CLANG_WARN_ENUM_CONVERSION = YES;
				CLANG_WARN_INFINITE_RECURSION = YES;
				CLANG_WARN_INT_CONVERSION = YES;
				CLANG_WARN_NON_LITERAL_NULL_CONVERSION = YES;
				CLANG_WARN_OBJC_IMPLICIT_RETAIN_SELF = YES;
				CLANG_WARN_OBJC_LITERAL_CONVERSION = YES;
				CLANG_WARN_OBJC_ROOT_CLASS = YES_ERROR;
				CLANG_WARN_QUOTED_INCLUDE_IN_FRAMEWORK_HEADER = YES;
				CLANG_WARN_RANGE_LOOP_ANALYSIS = YES;
				CLANG_WARN_STRICT_PROTOTYPES = YES;
				CLANG_WARN_SUSPICIOUS_MOVE = YES;
				CLANG_WARN_UNGUARDED_AVAILABILITY = YES_AGGRESSIVE;
				CLANG_WARN_UNREACHABLE_CODE = YES;
				CLANG_WARN__DUPLICATE_METHOD_MATCH = YES;
				COPY_PHASE_STRIP = NO;
				DEBUG_INFORMATION_FORMAT = "dwarf-with-dsym";
				ENABLE_NS_ASSERTIONS = NO;
				ENABLE_STRICT_OBJC_MSGSEND = YES;
				GCC_C_LANGUAGE_STANDARD = gnu11;
				GCC_NO_COMMON_BLOCKS = YES;
				GCC_WARN_64_TO_32_BIT_CONVERSION = YES;
				GCC_WARN_ABOUT_RETURN_TYPE = YES_ERROR;
				GCC_WARN_UNDECLARED_SELECTOR = YES;
				GCC_WARN_UNINITIALIZED_AUTOS = YES_AGGRESSIVE;
				GCC_WARN_UNUSED_FUNCTION = YES;
				GCC_WARN_UNUSED_VARIABLE = YES;
				MTL_ENABLE_DEBUG_INFO = NO;
				MTL_FAST_MATH = YES;
				SWIFT_COMPILATION_MODE = wholemodule;
				SWIFT_OPTIMIZATION_LEVEL = "-O";
			};
			name = Release;
		};
		BFBBCCE52B98EEF000F82707 /* Debug */ = {
			isa = XCBuildConfiguration;
			buildSettings = {
				ASSETCATALOG_COMPILER_APPICON_NAME = AppIcon;
				ASSETCATALOG_COMPILER_GLOBAL_ACCENT_COLOR_NAME = AccentColor;
				CODE_SIGN_ENTITLEMENTS = TheNeighborHood/TheNeighborHood.entitlements;
				CODE_SIGN_STYLE = Automatic;
				CURRENT_PROJECT_VERSION = 1;
				DEVELOPMENT_ASSET_PATHS = "\"TheNeighborHood/Preview Content\"";
				DEVELOPMENT_TEAM = HN6XLNWXN9;
				ENABLE_HARDENED_RUNTIME = YES;
				ENABLE_PREVIEWS = YES;
				GENERATE_INFOPLIST_FILE = YES;
				"INFOPLIST_KEY_UIApplicationSceneManifest_Generation[sdk=iphoneos*]" = YES;
				"INFOPLIST_KEY_UIApplicationSceneManifest_Generation[sdk=iphonesimulator*]" = YES;
				"INFOPLIST_KEY_UIApplicationSupportsIndirectInputEvents[sdk=iphoneos*]" = YES;
				"INFOPLIST_KEY_UIApplicationSupportsIndirectInputEvents[sdk=iphonesimulator*]" = YES;
				"INFOPLIST_KEY_UILaunchScreen_Generation[sdk=iphoneos*]" = YES;
				"INFOPLIST_KEY_UILaunchScreen_Generation[sdk=iphonesimulator*]" = YES;
				"INFOPLIST_KEY_UIStatusBarStyle[sdk=iphoneos*]" = UIStatusBarStyleDefault;
				"INFOPLIST_KEY_UIStatusBarStyle[sdk=iphonesimulator*]" = UIStatusBarStyleDefault;
				INFOPLIST_KEY_UISupportedInterfaceOrientations_iPad = "UIInterfaceOrientationPortrait UIInterfaceOrientationPortraitUpsideDown UIInterfaceOrientationLandscapeLeft UIInterfaceOrientationLandscapeRight";
				INFOPLIST_KEY_UISupportedInterfaceOrientations_iPhone = "UIInterfaceOrientationPortrait UIInterfaceOrientationLandscapeLeft UIInterfaceOrientationLandscapeRight";
				IPHONEOS_DEPLOYMENT_TARGET = 16.4;
				LD_RUNPATH_SEARCH_PATHS = "@executable_path/Frameworks";
				"LD_RUNPATH_SEARCH_PATHS[sdk=macosx*]" = "@executable_path/../Frameworks";
				MACOSX_DEPLOYMENT_TARGET = 13.3;
				MARKETING_VERSION = 1.0;
				PRODUCT_BUNDLE_IDENTIFIER = CTX.TheNeighborHood;
				PRODUCT_NAME = "$(TARGET_NAME)";
				SDKROOT = auto;
				SUPPORTED_PLATFORMS = "iphoneos iphonesimulator macosx";
				SWIFT_EMIT_LOC_STRINGS = YES;
				SWIFT_VERSION = 5.0;
				TARGETED_DEVICE_FAMILY = "1,2";
			};
			name = Debug;
		};
		BFBBCCE62B98EEF000F82707 /* Release */ = {
			isa = XCBuildConfiguration;
			buildSettings = {
				ASSETCATALOG_COMPILER_APPICON_NAME = AppIcon;
				ASSETCATALOG_COMPILER_GLOBAL_ACCENT_COLOR_NAME = AccentColor;
				CODE_SIGN_ENTITLEMENTS = TheNeighborHood/TheNeighborHood.entitlements;
				CODE_SIGN_STYLE = Automatic;
				CURRENT_PROJECT_VERSION = 1;
				DEVELOPMENT_ASSET_PATHS = "\"TheNeighborHood/Preview Content\"";
				DEVELOPMENT_TEAM = HN6XLNWXN9;
				ENABLE_HARDENED_RUNTIME = YES;
				ENABLE_PREVIEWS = YES;
				GENERATE_INFOPLIST_FILE = YES;
				"INFOPLIST_KEY_UIApplicationSceneManifest_Generation[sdk=iphoneos*]" = YES;
				"INFOPLIST_KEY_UIApplicationSceneManifest_Generation[sdk=iphonesimulator*]" = YES;
				"INFOPLIST_KEY_UIApplicationSupportsIndirectInputEvents[sdk=iphoneos*]" = YES;
				"INFOPLIST_KEY_UIApplicationSupportsIndirectInputEvents[sdk=iphonesimulator*]" = YES;
				"INFOPLIST_KEY_UILaunchScreen_Generation[sdk=iphoneos*]" = YES;
				"INFOPLIST_KEY_UILaunchScreen_Generation[sdk=iphonesimulator*]" = YES;
				"INFOPLIST_KEY_UIStatusBarStyle[sdk=iphoneos*]" = UIStatusBarStyleDefault;
				"INFOPLIST_KEY_UIStatusBarStyle[sdk=iphonesimulator*]" = UIStatusBarStyleDefault;
				INFOPLIST_KEY_UISupportedInterfaceOrientations_iPad = "UIInterfaceOrientationPortrait UIInterfaceOrientationPortraitUpsideDown UIInterfaceOrientationLandscapeLeft UIInterfaceOrientationLandscapeRight";
				INFOPLIST_KEY_UISupportedInterfaceOrientations_iPhone = "UIInterfaceOrientationPortrait UIInterfaceOrientationLandscapeLeft UIInterfaceOrientationLandscapeRight";
				IPHONEOS_DEPLOYMENT_TARGET = 16.4;
				LD_RUNPATH_SEARCH_PATHS = "@executable_path/Frameworks";
				"LD_RUNPATH_SEARCH_PATHS[sdk=macosx*]" = "@executable_path/../Frameworks";
				MACOSX_DEPLOYMENT_TARGET = 13.3;
				MARKETING_VERSION = 1.0;
				PRODUCT_BUNDLE_IDENTIFIER = CTX.TheNeighborHood;
				PRODUCT_NAME = "$(TARGET_NAME)";
				SDKROOT = auto;
				SUPPORTED_PLATFORMS = "iphoneos iphonesimulator macosx";
				SWIFT_EMIT_LOC_STRINGS = YES;
				SWIFT_VERSION = 5.0;
				TARGETED_DEVICE_FAMILY = "1,2";
			};
			name = Release;
		};
		BFBBCCE82B98EEF000F82707 /* Debug */ = {
			isa = XCBuildConfiguration;
			buildSettings = {
				ALWAYS_EMBED_SWIFT_STANDARD_LIBRARIES = YES;
				BUNDLE_LOADER = "$(TEST_HOST)";
				CODE_SIGN_STYLE = Automatic;
				CURRENT_PROJECT_VERSION = 1;
				DEVELOPMENT_TEAM = HN6XLNWXN9;
				GENERATE_INFOPLIST_FILE = YES;
				IPHONEOS_DEPLOYMENT_TARGET = 16.4;
				MACOSX_DEPLOYMENT_TARGET = 13.3;
				MARKETING_VERSION = 1.0;
				PRODUCT_BUNDLE_IDENTIFIER = CTX.TheNeighborHoodTests;
				PRODUCT_NAME = "$(TARGET_NAME)";
				SDKROOT = auto;
				SUPPORTED_PLATFORMS = "iphoneos iphonesimulator macosx";
				SWIFT_EMIT_LOC_STRINGS = NO;
				SWIFT_VERSION = 5.0;
				TARGETED_DEVICE_FAMILY = "1,2";
				TEST_HOST = "$(BUILT_PRODUCTS_DIR)/TheNeighborHood.app/$(BUNDLE_EXECUTABLE_FOLDER_PATH)/TheNeighborHood";
			};
			name = Debug;
		};
		BFBBCCE92B98EEF000F82707 /* Release */ = {
			isa = XCBuildConfiguration;
			buildSettings = {
				ALWAYS_EMBED_SWIFT_STANDARD_LIBRARIES = YES;
				BUNDLE_LOADER = "$(TEST_HOST)";
				CODE_SIGN_STYLE = Automatic;
				CURRENT_PROJECT_VERSION = 1;
				DEVELOPMENT_TEAM = HN6XLNWXN9;
				GENERATE_INFOPLIST_FILE = YES;
				IPHONEOS_DEPLOYMENT_TARGET = 16.4;
				MACOSX_DEPLOYMENT_TARGET = 13.3;
				MARKETING_VERSION = 1.0;
				PRODUCT_BUNDLE_IDENTIFIER = CTX.TheNeighborHoodTests;
				PRODUCT_NAME = "$(TARGET_NAME)";
				SDKROOT = auto;
				SUPPORTED_PLATFORMS = "iphoneos iphonesimulator macosx";
				SWIFT_EMIT_LOC_STRINGS = NO;
				SWIFT_VERSION = 5.0;
				TARGETED_DEVICE_FAMILY = "1,2";
				TEST_HOST = "$(BUILT_PRODUCTS_DIR)/TheNeighborHood.app/$(BUNDLE_EXECUTABLE_FOLDER_PATH)/TheNeighborHood";
			};
			name = Release;
		};
		BFBBCCEB2B98EEF000F82707 /* Debug */ = {
			isa = XCBuildConfiguration;
			buildSettings = {
				ALWAYS_EMBED_SWIFT_STANDARD_LIBRARIES = YES;
				CODE_SIGN_STYLE = Automatic;
				CURRENT_PROJECT_VERSION = 1;
				DEVELOPMENT_TEAM = HN6XLNWXN9;
				GENERATE_INFOPLIST_FILE = YES;
				IPHONEOS_DEPLOYMENT_TARGET = 16.4;
				MACOSX_DEPLOYMENT_TARGET = 13.3;
				MARKETING_VERSION = 1.0;
				PRODUCT_BUNDLE_IDENTIFIER = CTX.TheNeighborHoodUITests;
				PRODUCT_NAME = "$(TARGET_NAME)";
				SDKROOT = auto;
				SUPPORTED_PLATFORMS = "iphoneos iphonesimulator macosx";
				SWIFT_EMIT_LOC_STRINGS = NO;
				SWIFT_VERSION = 5.0;
				TARGETED_DEVICE_FAMILY = "1,2";
				TEST_TARGET_NAME = TheNeighborHood;
			};
			name = Debug;
		};
		BFBBCCEC2B98EEF000F82707 /* Release */ = {
			isa = XCBuildConfiguration;
			buildSettings = {
				ALWAYS_EMBED_SWIFT_STANDARD_LIBRARIES = YES;
				CODE_SIGN_STYLE = Automatic;
				CURRENT_PROJECT_VERSION = 1;
				DEVELOPMENT_TEAM = HN6XLNWXN9;
				GENERATE_INFOPLIST_FILE = YES;
				IPHONEOS_DEPLOYMENT_TARGET = 16.4;
				MACOSX_DEPLOYMENT_TARGET = 13.3;
				MARKETING_VERSION = 1.0;
				PRODUCT_BUNDLE_IDENTIFIER = CTX.TheNeighborHoodUITests;
				PRODUCT_NAME = "$(TARGET_NAME)";
				SDKROOT = auto;
				SUPPORTED_PLATFORMS = "iphoneos iphonesimulator macosx";
				SWIFT_EMIT_LOC_STRINGS = NO;
				SWIFT_VERSION = 5.0;
				TARGETED_DEVICE_FAMILY = "1,2";
				TEST_TARGET_NAME = TheNeighborHood;
			};
			name = Release;
		};
/* End XCBuildConfiguration section */

/* Begin XCConfigurationList section */
		BFBBCCBA2B98EEEF00F82707 /* Build configuration list for PBXProject "TheNeighborHood" */ = {
			isa = XCConfigurationList;
			buildConfigurations = (
				BFBBCCE22B98EEF000F82707 /* Debug */,
				BFBBCCE32B98EEF000F82707 /* Release */,
			);
			defaultConfigurationIsVisible = 0;
			defaultConfigurationName = Release;
		};
		BFBBCCE42B98EEF000F82707 /* Build configuration list for PBXNativeTarget "TheNeighborHood" */ = {
			isa = XCConfigurationList;
			buildConfigurations = (
				BFBBCCE52B98EEF000F82707 /* Debug */,
				BFBBCCE62B98EEF000F82707 /* Release */,
			);
			defaultConfigurationIsVisible = 0;
			defaultConfigurationName = Release;
		};
		BFBBCCE72B98EEF000F82707 /* Build configuration list for PBXNativeTarget "TheNeighborHoodTests" */ = {
			isa = XCConfigurationList;
			buildConfigurations = (
				BFBBCCE82B98EEF000F82707 /* Debug */,
				BFBBCCE92B98EEF000F82707 /* Release */,
			);
			defaultConfigurationIsVisible = 0;
			defaultConfigurationName = Release;
		};
		BFBBCCEA2B98EEF000F82707 /* Build configuration list for PBXNativeTarget "TheNeighborHoodUITests" */ = {
			isa = XCConfigurationList;
			buildConfigurations = (
				BFBBCCEB2B98EEF000F82707 /* Debug */,
				BFBBCCEC2B98EEF000F82707 /* Release */,
			);
			defaultConfigurationIsVisible = 0;
			defaultConfigurationName = Release;
		};
/* End XCConfigurationList section */
	};
	rootObject = BFBBCCB72B98EEEF00F82707 /* Project object */;
}
